
Microsoft Visual Studio Solution File, Format Version 12.00
# Visual Studio Version 17
VisualStudioVersion = 17.14.36717.8 d17.14
MinimumVisualStudioVersion = 10.0.40219.1
Project("{FAE04EC0-301F-11D3-BF4B-00C04F79EFBC}") = "Assignment2", "Assignment2\Assignment2.csproj", "{7247F73B-C648-472F-AD43-135650A8868C}"
EndProject
Global
	GlobalSection(SolutionConfigurationPlatforms) = preSolution
		Debug|Any CPU = Debug|Any CPU
		Release|Any CPU = Release|Any CPU
	EndGlobalSection
	GlobalSection(ProjectConfigurationPlatforms) = postSolution
		{7247F73B-C648-472F-AD43-135650A8868C}.Debug|Any CPU.ActiveCfg = Debug|Any CPU
		{7247F73B-C648-472F-AD43-135650A8868C}.Debug|Any CPU.Build.0 = Debug|Any CPU
		{7247F73B-C648-472F-AD43-135650A8868C}.Release|Any CPU.ActiveCfg = Release|Any CPU
		{7247F73B-C648-472F-AD43-135650A8868C}.Release|Any CPU.Build.0 = Release|Any CPU
	EndGlobalSection
	GlobalSection(SolutionProperties) = preSolution
		HideSolutionNode = FALSE
	EndGlobalSection
	GlobalSection(ExtensibilityGlobals) = postSolution
		SolutionGuid = {0F8A5E14-5954-4820-81A3-92E6717D1686}
	EndGlobalSection
EndGlobal
